
Microsoft Visual Studio Solution File, Format Version 12.00
# Visual Studio 15
VisualStudioVersion = 15.0.26730.10
MinimumVisualStudioVersion = 10.0.40219.1
Project("{2150E333-8FDC-42A3-9474-1A3956D46DE8}") = "src", "src", "{8719CAFB-E49A-479D-A305-82BF72A4D67F}"
EndProject
Project("{9A19103F-16F7-4668-BE54-9A1E7A4F7556}") = "DietAssistant", "src\DietAssistant\DietAssistant.csproj", "{73EC2C0C-1567-4191-8156-C6C64926C507}"
EndProject
Project("{FAE04EC0-301F-11D3-BF4B-00C04F79EFBC}") = "FoodParsers", "src\FoodParsers\FoodParsers.csproj", "{6D305642-52D0-4B35-AFC1-DCE1B8802881}"
EndProject
Global
	GlobalSection(SolutionConfigurationPlatforms) = preSolution
		Debug|Any CPU = Debug|Any CPU
		Debug|ARM = Debug|ARM
		Debug|x64 = Debug|x64
		Debug|x86 = Debug|x86
		Release|Any CPU = Release|Any CPU
		Release|ARM = Release|ARM
		Release|x64 = Release|x64
		Release|x86 = Release|x86
	EndGlobalSection
	GlobalSection(ProjectConfigurationPlatforms) = postSolution
		{73EC2C0C-1567-4191-8156-C6C64926C507}.Debug|Any CPU.ActiveCfg = Debug|Any CPU
		{73EC2C0C-1567-4191-8156-C6C64926C507}.Debug|Any CPU.Build.0 = Debug|Any CPU
		{73EC2C0C-1567-4191-8156-C6C64926C507}.Debug|ARM.ActiveCfg = Debug|Any CPU
		{73EC2C0C-1567-4191-8156-C6C64926C507}.Debug|ARM.Build.0 = Debug|Any CPU
		{73EC2C0C-1567-4191-8156-C6C64926C507}.Debug|x64.ActiveCfg = Debug|Any CPU
		{73EC2C0C-1567-4191-8156-C6C64926C507}.Debug|x64.Build.0 = Debug|Any CPU
		{73EC2C0C-1567-4191-8156-C6C64926C507}.Debug|x86.ActiveCfg = Debug|Any CPU
		{73EC2C0C-1567-4191-8156-C6C64926C507}.Debug|x86.Build.0 = Debug|Any CPU
		{73EC2C0C-1567-4191-8156-C6C64926C507}.Release|Any CPU.ActiveCfg = Release|Any CPU
		{73EC2C0C-1567-4191-8156-C6C64926C507}.Release|Any CPU.Build.0 = Release|Any CPU
		{73EC2C0C-1567-4191-8156-C6C64926C507}.Release|ARM.ActiveCfg = Release|Any CPU
		{73EC2C0C-1567-4191-8156-C6C64926C507}.Release|ARM.Build.0 = Release|Any CPU
		{73EC2C0C-1567-4191-8156-C6C64926C507}.Release|x64.ActiveCfg = Release|Any CPU
		{73EC2C0C-1567-4191-8156-C6C64926C507}.Release|x64.Build.0 = Release|Any CPU
		{73EC2C0C-1567-4191-8156-C6C64926C507}.Release|x86.ActiveCfg = Release|Any CPU
		{73EC2C0C-1567-4191-8156-C6C64926C507}.Release|x86.Build.0 = Release|Any CPU
		{6D305642-52D0-4B35-AFC1-DCE1B8802881}.Debug|Any CPU.ActiveCfg = Debug|Any CPU
		{6D305642-52D0-4B35-AFC1-DCE1B8802881}.Debug|Any CPU.Build.0 = Debug|Any CPU
		{6D305642-52D0-4B35-AFC1-DCE1B8802881}.Debug|ARM.ActiveCfg = Debug|Any CPU
		{6D305642-52D0-4B35-AFC1-DCE1B8802881}.Debug|ARM.Build.0 = Debug|Any CPU
		{6D305642-52D0-4B35-AFC1-DCE1B8802881}.Debug|x64.ActiveCfg = Debug|Any CPU
		{6D305642-52D0-4B35-AFC1-DCE1B8802881}.Debug|x64.Build.0 = Debug|Any CPU
		{6D305642-52D0-4B35-AFC1-DCE1B8802881}.Debug|x86.ActiveCfg = Debug|Any CPU
		{6D305642-52D0-4B35-AFC1-DCE1B8802881}.Debug|x86.Build.0 = Debug|Any CPU
		{6D305642-52D0-4B35-AFC1-DCE1B8802881}.Release|Any CPU.ActiveCfg = Release|Any CPU
		{6D305642-52D0-4B35-AFC1-DCE1B8802881}.Release|Any CPU.Build.0 = Release|Any CPU
		{6D305642-52D0-4B35-AFC1-DCE1B8802881}.Release|ARM.ActiveCfg = Release|Any CPU
		{6D305642-52D0-4B35-AFC1-DCE1B8802881}.Release|ARM.Build.0 = Release|Any CPU
		{6D305642-52D0-4B35-AFC1-DCE1B8802881}.Release|x64.ActiveCfg = Release|Any CPU
		{6D305642-52D0-4B35-AFC1-DCE1B8802881}.Release|x64.Build.0 = Release|Any CPU
		{6D305642-52D0-4B35-AFC1-DCE1B8802881}.Release|x86.ActiveCfg = Release|Any CPU
		{6D305642-52D0-4B35-AFC1-DCE1B8802881}.Release|x86.Build.0 = Release|Any CPU
	EndGlobalSection
	GlobalSection(SolutionProperties) = preSolution
		HideSolutionNode = FALSE
	EndGlobalSection
	GlobalSection(NestedProjects) = preSolution
		{73EC2C0C-1567-4191-8156-C6C64926C507} = {8719CAFB-E49A-479D-A305-82BF72A4D67F}
		{6D305642-52D0-4B35-AFC1-DCE1B8802881} = {8719CAFB-E49A-479D-A305-82BF72A4D67F}
	EndGlobalSection
	GlobalSection(ExtensibilityGlobals) = postSolution
		SolutionGuid = {DA440319-5090-4203-8B88-19351C501E24}
	EndGlobalSection
EndGlobal
